// !$*UTF8*$!
{
	archiveVersion = 1;
	classes = {
	};
	objectVersion = 56;
	objects = {

/* Begin PBXBuildFile section */
		316E4EAC33960523EE71B656 /* libPods-BookApp-BookAppUITests.a in Frameworks */ = {isa = PBXBuildFile; fileRef = B11764BBB4D5130B94A9988C /* libPods-BookApp-BookAppUITests.a */; };
		64181D95C65ADFF2F12EB9E8 /* libPods-BookAppTests.a in Frameworks */ = {isa = PBXBuildFile; fileRef = F70CD8AB5F3A7BFD57B312EE /* libPods-BookAppTests.a */; };
		81485A8B31482561F2700BDB /* libPods-BookApp.a in Frameworks */ = {isa = PBXBuildFile; fileRef = E786749A266C2061F6E648D5 /* libPods-BookApp.a */; };
		B250076E2BD23F6B00464FA6 /* AppDelegate.swift in Sources */ = {isa = PBXBuildFile; fileRef = B250076D2BD23F6B00464FA6 /* AppDelegate.swift */; };
		B25007702BD23F6B00464FA6 /* SceneDelegate.swift in Sources */ = {isa = PBXBuildFile; fileRef = B250076F2BD23F6B00464FA6 /* SceneDelegate.swift */; };
		B25007722BD23F6B00464FA6 /* HomeViewController.swift in Sources */ = {isa = PBXBuildFile; fileRef = B25007712BD23F6B00464FA6 /* HomeViewController.swift */; };
		B25007772BD23F6D00464FA6 /* Assets.xcassets in Resources */ = {isa = PBXBuildFile; fileRef = B25007762BD23F6D00464FA6 /* Assets.xcassets */; };
		B250077A2BD23F6D00464FA6 /* LaunchScreen.storyboard in Resources */ = {isa = PBXBuildFile; fileRef = B25007782BD23F6D00464FA6 /* LaunchScreen.storyboard */; };
		B25007852BD23F6D00464FA6 /* HomeViewModelTests.swift in Sources */ = {isa = PBXBuildFile; fileRef = B25007842BD23F6D00464FA6 /* HomeViewModelTests.swift */; };
		B250078F2BD23F6D00464FA6 /* BookAppUITests.swift in Sources */ = {isa = PBXBuildFile; fileRef = B250078E2BD23F6D00464FA6 /* BookAppUITests.swift */; };
		B25007912BD23F6D00464FA6 /* BookAppUITestsLaunchTests.swift in Sources */ = {isa = PBXBuildFile; fileRef = B25007902BD23F6D00464FA6 /* BookAppUITestsLaunchTests.swift */; };
		B25242B42BD2614700B86E3F /* AppAppearance.swift in Sources */ = {isa = PBXBuildFile; fileRef = B25242B32BD2614700B86E3F /* AppAppearance.swift */; };
		B25242B62BD2616600B86E3F /* AppDependencies.swift in Sources */ = {isa = PBXBuildFile; fileRef = B25242B52BD2616600B86E3F /* AppDependencies.swift */; };
		B25242B82BD261CD00B86E3F /* AppCoordinator.swift in Sources */ = {isa = PBXBuildFile; fileRef = B25242B72BD261CD00B86E3F /* AppCoordinator.swift */; };
		B25242BA2BD2620B00B86E3F /* HomeCoordinator.swift in Sources */ = {isa = PBXBuildFile; fileRef = B25242B92BD2620B00B86E3F /* HomeCoordinator.swift */; };
		B25242BC2BD2622900B86E3F /* HomeNavigator.swift in Sources */ = {isa = PBXBuildFile; fileRef = B25242BB2BD2622900B86E3F /* HomeNavigator.swift */; };
		B25242BE2BD2656100B86E3F /* HomeViewModel.swift in Sources */ = {isa = PBXBuildFile; fileRef = B25242BD2BD2656100B86E3F /* HomeViewModel.swift */; };
		B25242C02BD265A400B86E3F /* BookEntity.swift in Sources */ = {isa = PBXBuildFile; fileRef = B25242BF2BD265A400B86E3F /* BookEntity.swift */; };
		B25242C22BD265ED00B86E3F /* BookModel.swift in Sources */ = {isa = PBXBuildFile; fileRef = B25242C12BD265ED00B86E3F /* BookModel.swift */; };
		B25242C42BD2668900B86E3F /* HomeUseCase.swift in Sources */ = {isa = PBXBuildFile; fileRef = B25242C32BD2668900B86E3F /* HomeUseCase.swift */; };
		B25242C62BD266DD00B86E3F /* HomeRepository.swift in Sources */ = {isa = PBXBuildFile; fileRef = B25242C52BD266DD00B86E3F /* HomeRepository.swift */; };
		B25242C82BD268F800B86E3F /* StandardHomeRepository.swift in Sources */ = {isa = PBXBuildFile; fileRef = B25242C72BD268F800B86E3F /* StandardHomeRepository.swift */; };
		B25242CD2BD2741A00B86E3F /* HomePageView.swift in Sources */ = {isa = PBXBuildFile; fileRef = B25242CC2BD2741A00B86E3F /* HomePageView.swift */; };
		B25242D22BD2785900B86E3F /* MockHomeUseCase.swift in Sources */ = {isa = PBXBuildFile; fileRef = B25242D12BD2785900B86E3F /* MockHomeUseCase.swift */; };
		B25242D62BD27DC400B86E3F /* HomeBookItemView.swift in Sources */ = {isa = PBXBuildFile; fileRef = B25242D52BD27DC400B86E3F /* HomeBookItemView.swift */; };
		B25242D82BD34ED200B86E3F /* MockHomeNavigator.swift in Sources */ = {isa = PBXBuildFile; fileRef = B25242D72BD34ED200B86E3F /* MockHomeNavigator.swift */; };
		B25242DA2BD3510000B86E3F /* AddBookViewController.swift in Sources */ = {isa = PBXBuildFile; fileRef = B25242D92BD3510000B86E3F /* AddBookViewController.swift */; };
		B25242DC2BD3511600B86E3F /* AddBookPageView.swift in Sources */ = {isa = PBXBuildFile; fileRef = B25242DB2BD3511600B86E3F /* AddBookPageView.swift */; };
		B25242DE2BD3533700B86E3F /* AddBookViewModel.swift in Sources */ = {isa = PBXBuildFile; fileRef = B25242DD2BD3533700B86E3F /* AddBookViewModel.swift */; };
		B25242E02BD3535700B86E3F /* AddBookViewModelTests.swift in Sources */ = {isa = PBXBuildFile; fileRef = B25242DF2BD3535700B86E3F /* AddBookViewModelTests.swift */; };
		B25242E22BD3543800B86E3F /* AddBookUseCase.swift in Sources */ = {isa = PBXBuildFile; fileRef = B25242E12BD3543800B86E3F /* AddBookUseCase.swift */; };
		B25242E42BD3553D00B86E3F /* AddBookRepository.swift in Sources */ = {isa = PBXBuildFile; fileRef = B25242E32BD3553D00B86E3F /* AddBookRepository.swift */; };
		B25242E62BD3559C00B86E3F /* StandardAddBookRepository.swift in Sources */ = {isa = PBXBuildFile; fileRef = B25242E52BD3559C00B86E3F /* StandardAddBookRepository.swift */; };
		B25242E82BD35C8C00B86E3F /* MockAddBookUseCase.swift in Sources */ = {isa = PBXBuildFile; fileRef = B25242E72BD35C8C00B86E3F /* MockAddBookUseCase.swift */; };
/* End PBXBuildFile section */

/* Begin PBXContainerItemProxy section */
		B25007812BD23F6D00464FA6 /* PBXContainerItemProxy */ = {
			isa = PBXContainerItemProxy;
			containerPortal = B25007622BD23F6B00464FA6 /* Project object */;
			proxyType = 1;
			remoteGlobalIDString = B25007692BD23F6B00464FA6;
			remoteInfo = BookApp;
		};
		B250078B2BD23F6D00464FA6 /* PBXContainerItemProxy */ = {
			isa = PBXContainerItemProxy;
			containerPortal = B25007622BD23F6B00464FA6 /* Project object */;
			proxyType = 1;
			remoteGlobalIDString = B25007692BD23F6B00464FA6;
			remoteInfo = BookApp;
		};
/* End PBXContainerItemProxy section */

/* Begin PBXFileReference section */
		5C9E0C8F0C17FF5BC8E22D3D /* Pods-BookAppTests.debug.xcconfig */ = {isa = PBXFileReference; includeInIndex = 1; lastKnownFileType = text.xcconfig; name = "Pods-BookAppTests.debug.xcconfig"; path = "Target Support Files/Pods-BookAppTests/Pods-BookAppTests.debug.xcconfig"; sourceTree = "<group>"; };
		8842DCD53B3409BC2AD2D05F /* Pods-BookApp.debug.xcconfig */ = {isa = PBXFileReference; includeInIndex = 1; lastKnownFileType = text.xcconfig; name = "Pods-BookApp.debug.xcconfig"; path = "Target Support Files/Pods-BookApp/Pods-BookApp.debug.xcconfig"; sourceTree = "<group>"; };
		92F4AD705FB0CEEE3C9AE9B5 /* Pods-BookApp-BookAppUITests.debug.xcconfig */ = {isa = PBXFileReference; includeInIndex = 1; lastKnownFileType = text.xcconfig; name = "Pods-BookApp-BookAppUITests.debug.xcconfig"; path = "Target Support Files/Pods-BookApp-BookAppUITests/Pods-BookApp-BookAppUITests.debug.xcconfig"; sourceTree = "<group>"; };
		B11764BBB4D5130B94A9988C /* libPods-BookApp-BookAppUITests.a */ = {isa = PBXFileReference; explicitFileType = archive.ar; includeInIndex = 0; path = "libPods-BookApp-BookAppUITests.a"; sourceTree = BUILT_PRODUCTS_DIR; };
		B250076A2BD23F6B00464FA6 /* BookApp.app */ = {isa = PBXFileReference; explicitFileType = wrapper.application; includeInIndex = 0; path = BookApp.app; sourceTree = BUILT_PRODUCTS_DIR; };
		B250076D2BD23F6B00464FA6 /* AppDelegate.swift */ = {isa = PBXFileReference; lastKnownFileType = sourcecode.swift; path = AppDelegate.swift; sourceTree = "<group>"; };
		B250076F2BD23F6B00464FA6 /* SceneDelegate.swift */ = {isa = PBXFileReference; lastKnownFileType = sourcecode.swift; path = SceneDelegate.swift; sourceTree = "<group>"; };
		B25007712BD23F6B00464FA6 /* HomeViewController.swift */ = {isa = PBXFileReference; lastKnownFileType = sourcecode.swift; path = HomeViewController.swift; sourceTree = "<group>"; };
		B25007762BD23F6D00464FA6 /* Assets.xcassets */ = {isa = PBXFileReference; lastKnownFileType = folder.assetcatalog; path = Assets.xcassets; sourceTree = "<group>"; };
		B25007792BD23F6D00464FA6 /* Base */ = {isa = PBXFileReference; lastKnownFileType = file.storyboard; name = Base; path = Base.lproj/LaunchScreen.storyboard; sourceTree = "<group>"; };
		B250077B2BD23F6D00464FA6 /* Info.plist */ = {isa = PBXFileReference; lastKnownFileType = text.plist.xml; path = Info.plist; sourceTree = "<group>"; };
		B25007802BD23F6D00464FA6 /* BookAppTests.xctest */ = {isa = PBXFileReference; explicitFileType = wrapper.cfbundle; includeInIndex = 0; path = BookAppTests.xctest; sourceTree = BUILT_PRODUCTS_DIR; };
		B25007842BD23F6D00464FA6 /* HomeViewModelTests.swift */ = {isa = PBXFileReference; lastKnownFileType = sourcecode.swift; path = HomeViewModelTests.swift; sourceTree = "<group>"; };
		B250078A2BD23F6D00464FA6 /* BookAppUITests.xctest */ = {isa = PBXFileReference; explicitFileType = wrapper.cfbundle; includeInIndex = 0; path = BookAppUITests.xctest; sourceTree = BUILT_PRODUCTS_DIR; };
		B250078E2BD23F6D00464FA6 /* BookAppUITests.swift */ = {isa = PBXFileReference; lastKnownFileType = sourcecode.swift; path = BookAppUITests.swift; sourceTree = "<group>"; };
		B25007902BD23F6D00464FA6 /* BookAppUITestsLaunchTests.swift */ = {isa = PBXFileReference; lastKnownFileType = sourcecode.swift; path = BookAppUITestsLaunchTests.swift; sourceTree = "<group>"; };
		B25242B32BD2614700B86E3F /* AppAppearance.swift */ = {isa = PBXFileReference; lastKnownFileType = sourcecode.swift; path = AppAppearance.swift; sourceTree = "<group>"; };
		B25242B52BD2616600B86E3F /* AppDependencies.swift */ = {isa = PBXFileReference; lastKnownFileType = sourcecode.swift; path = AppDependencies.swift; sourceTree = "<group>"; };
		B25242B72BD261CD00B86E3F /* AppCoordinator.swift */ = {isa = PBXFileReference; lastKnownFileType = sourcecode.swift; path = AppCoordinator.swift; sourceTree = "<group>"; };
		B25242B92BD2620B00B86E3F /* HomeCoordinator.swift */ = {isa = PBXFileReference; lastKnownFileType = sourcecode.swift; path = HomeCoordinator.swift; sourceTree = "<group>"; };
		B25242BB2BD2622900B86E3F /* HomeNavigator.swift */ = {isa = PBXFileReference; lastKnownFileType = sourcecode.swift; path = HomeNavigator.swift; sourceTree = "<group>"; };
		B25242BD2BD2656100B86E3F /* HomeViewModel.swift */ = {isa = PBXFileReference; lastKnownFileType = sourcecode.swift; path = HomeViewModel.swift; sourceTree = "<group>"; };
		B25242BF2BD265A400B86E3F /* BookEntity.swift */ = {isa = PBXFileReference; lastKnownFileType = sourcecode.swift; path = BookEntity.swift; sourceTree = "<group>"; };
		B25242C12BD265ED00B86E3F /* BookModel.swift */ = {isa = PBXFileReference; lastKnownFileType = sourcecode.swift; path = BookModel.swift; sourceTree = "<group>"; };
		B25242C32BD2668900B86E3F /* HomeUseCase.swift */ = {isa = PBXFileReference; lastKnownFileType = sourcecode.swift; path = HomeUseCase.swift; sourceTree = "<group>"; };
		B25242C52BD266DD00B86E3F /* HomeRepository.swift */ = {isa = PBXFileReference; lastKnownFileType = sourcecode.swift; path = HomeRepository.swift; sourceTree = "<group>"; };
		B25242C72BD268F800B86E3F /* StandardHomeRepository.swift */ = {isa = PBXFileReference; lastKnownFileType = sourcecode.swift; path = StandardHomeRepository.swift; sourceTree = "<group>"; };
		B25242CC2BD2741A00B86E3F /* HomePageView.swift */ = {isa = PBXFileReference; lastKnownFileType = sourcecode.swift; path = HomePageView.swift; sourceTree = "<group>"; };
		B25242D12BD2785900B86E3F /* MockHomeUseCase.swift */ = {isa = PBXFileReference; fileEncoding = 4; lastKnownFileType = sourcecode.swift; path = MockHomeUseCase.swift; sourceTree = "<group>"; };
		B25242D52BD27DC400B86E3F /* HomeBookItemView.swift */ = {isa = PBXFileReference; lastKnownFileType = sourcecode.swift; path = HomeBookItemView.swift; sourceTree = "<group>"; };
		B25242D72BD34ED200B86E3F /* MockHomeNavigator.swift */ = {isa = PBXFileReference; lastKnownFileType = sourcecode.swift; path = MockHomeNavigator.swift; sourceTree = "<group>"; };
		B25242D92BD3510000B86E3F /* AddBookViewController.swift */ = {isa = PBXFileReference; lastKnownFileType = sourcecode.swift; path = AddBookViewController.swift; sourceTree = "<group>"; };
		B25242DB2BD3511600B86E3F /* AddBookPageView.swift */ = {isa = PBXFileReference; lastKnownFileType = sourcecode.swift; path = AddBookPageView.swift; sourceTree = "<group>"; };
		B25242DD2BD3533700B86E3F /* AddBookViewModel.swift */ = {isa = PBXFileReference; lastKnownFileType = sourcecode.swift; path = AddBookViewModel.swift; sourceTree = "<group>"; };
		B25242DF2BD3535700B86E3F /* AddBookViewModelTests.swift */ = {isa = PBXFileReference; lastKnownFileType = sourcecode.swift; path = AddBookViewModelTests.swift; sourceTree = "<group>"; };
		B25242E12BD3543800B86E3F /* AddBookUseCase.swift */ = {isa = PBXFileReference; lastKnownFileType = sourcecode.swift; path = AddBookUseCase.swift; sourceTree = "<group>"; };
		B25242E32BD3553D00B86E3F /* AddBookRepository.swift */ = {isa = PBXFileReference; lastKnownFileType = sourcecode.swift; path = AddBookRepository.swift; sourceTree = "<group>"; };
		B25242E52BD3559C00B86E3F /* StandardAddBookRepository.swift */ = {isa = PBXFileReference; lastKnownFileType = sourcecode.swift; path = StandardAddBookRepository.swift; sourceTree = "<group>"; };
		B25242E72BD35C8C00B86E3F /* MockAddBookUseCase.swift */ = {isa = PBXFileReference; lastKnownFileType = sourcecode.swift; path = MockAddBookUseCase.swift; sourceTree = "<group>"; };
		B93EA9A9FE10E3CA0327D60E /* Pods-BookApp.release.xcconfig */ = {isa = PBXFileReference; includeInIndex = 1; lastKnownFileType = text.xcconfig; name = "Pods-BookApp.release.xcconfig"; path = "Target Support Files/Pods-BookApp/Pods-BookApp.release.xcconfig"; sourceTree = "<group>"; };
		C1D41A021A4893F986E1298E /* Pods-BookApp-BookAppUITests.release.xcconfig */ = {isa = PBXFileReference; includeInIndex = 1; lastKnownFileType = text.xcconfig; name = "Pods-BookApp-BookAppUITests.release.xcconfig"; path = "Target Support Files/Pods-BookApp-BookAppUITests/Pods-BookApp-BookAppUITests.release.xcconfig"; sourceTree = "<group>"; };
		DF2828D9B3BA47D0252E78EB /* Pods-BookAppTests.release.xcconfig */ = {isa = PBXFileReference; includeInIndex = 1; lastKnownFileType = text.xcconfig; name = "Pods-BookAppTests.release.xcconfig"; path = "Target Support Files/Pods-BookAppTests/Pods-BookAppTests.release.xcconfig"; sourceTree = "<group>"; };
		E786749A266C2061F6E648D5 /* libPods-BookApp.a */ = {isa = PBXFileReference; explicitFileType = archive.ar; includeInIndex = 0; path = "libPods-BookApp.a"; sourceTree = BUILT_PRODUCTS_DIR; };
		F70CD8AB5F3A7BFD57B312EE /* libPods-BookAppTests.a */ = {isa = PBXFileReference; explicitFileType = archive.ar; includeInIndex = 0; path = "libPods-BookAppTests.a"; sourceTree = BUILT_PRODUCTS_DIR; };
/* End PBXFileReference section */

/* Begin PBXFrameworksBuildPhase section */
		B25007672BD23F6B00464FA6 /* Frameworks */ = {
			isa = PBXFrameworksBuildPhase;
			buildActionMask = 2147483647;
			files = (
				81485A8B31482561F2700BDB /* libPods-BookApp.a in Frameworks */,
			);
			runOnlyForDeploymentPostprocessing = 0;
		};
		B250077D2BD23F6D00464FA6 /* Frameworks */ = {
			isa = PBXFrameworksBuildPhase;
			buildActionMask = 2147483647;
			files = (
				64181D95C65ADFF2F12EB9E8 /* libPods-BookAppTests.a in Frameworks */,
			);
			runOnlyForDeploymentPostprocessing = 0;
		};
		B25007872BD23F6D00464FA6 /* Frameworks */ = {
			isa = PBXFrameworksBuildPhase;
			buildActionMask = 2147483647;
			files = (
				316E4EAC33960523EE71B656 /* libPods-BookApp-BookAppUITests.a in Frameworks */,
			);
			runOnlyForDeploymentPostprocessing = 0;
		};
/* End PBXFrameworksBuildPhase section */

/* Begin PBXGroup section */
		7E87224E85A9F90698A1BE61 /* Frameworks */ = {
			isa = PBXGroup;
			children = (
				E786749A266C2061F6E648D5 /* libPods-BookApp.a */,
				B11764BBB4D5130B94A9988C /* libPods-BookApp-BookAppUITests.a */,
				F70CD8AB5F3A7BFD57B312EE /* libPods-BookAppTests.a */,
			);
			name = Frameworks;
			sourceTree = "<group>";
		};
		8A2489EEE1EEE0551CC80FAD /* Pods */ = {
			isa = PBXGroup;
			children = (
				8842DCD53B3409BC2AD2D05F /* Pods-BookApp.debug.xcconfig */,
				B93EA9A9FE10E3CA0327D60E /* Pods-BookApp.release.xcconfig */,
				92F4AD705FB0CEEE3C9AE9B5 /* Pods-BookApp-BookAppUITests.debug.xcconfig */,
				C1D41A021A4893F986E1298E /* Pods-BookApp-BookAppUITests.release.xcconfig */,
				5C9E0C8F0C17FF5BC8E22D3D /* Pods-BookAppTests.debug.xcconfig */,
				DF2828D9B3BA47D0252E78EB /* Pods-BookAppTests.release.xcconfig */,
			);
			path = Pods;
			sourceTree = "<group>";
		};
		B25007612BD23F6B00464FA6 = {
			isa = PBXGroup;
			children = (
				B250076C2BD23F6B00464FA6 /* BookApp */,
				B25007832BD23F6D00464FA6 /* BookAppTests */,
				B250078D2BD23F6D00464FA6 /* BookAppUITests */,
				B250076B2BD23F6B00464FA6 /* Products */,
				8A2489EEE1EEE0551CC80FAD /* Pods */,
				7E87224E85A9F90698A1BE61 /* Frameworks */,
			);
			sourceTree = "<group>";
		};
		B250076B2BD23F6B00464FA6 /* Products */ = {
			isa = PBXGroup;
			children = (
				B250076A2BD23F6B00464FA6 /* BookApp.app */,
				B25007802BD23F6D00464FA6 /* BookAppTests.xctest */,
				B250078A2BD23F6D00464FA6 /* BookAppUITests.xctest */,
			);
			name = Products;
			sourceTree = "<group>";
		};
		B250076C2BD23F6B00464FA6 /* BookApp */ = {
			isa = PBXGroup;
			children = (
				B250079D2BD2453D00464FA6 /* Application */,
				B250079F2BD246B000464FA6 /* Scenes */,
				B25007A02BD246BA00464FA6 /* Domain */,
				B25007A12BD246C200464FA6 /* Data */,
				B250079E2BD2456800464FA6 /* Resources */,
			);
			path = BookApp;
			sourceTree = "<group>";
		};
		B25007832BD23F6D00464FA6 /* BookAppTests */ = {
			isa = PBXGroup;
			children = (
				B25242D02BD2784E00B86E3F /* Mock */,
				B25007842BD23F6D00464FA6 /* HomeViewModelTests.swift */,
				B25242DF2BD3535700B86E3F /* AddBookViewModelTests.swift */,
			);
			path = BookAppTests;
			sourceTree = "<group>";
		};
		B250078D2BD23F6D00464FA6 /* BookAppUITests */ = {
			isa = PBXGroup;
			children = (
				B250078E2BD23F6D00464FA6 /* BookAppUITests.swift */,
				B25007902BD23F6D00464FA6 /* BookAppUITestsLaunchTests.swift */,
			);
			path = BookAppUITests;
			sourceTree = "<group>";
		};
		B250079D2BD2453D00464FA6 /* Application */ = {
			isa = PBXGroup;
			children = (
				B250076D2BD23F6B00464FA6 /* AppDelegate.swift */,
				B250076F2BD23F6B00464FA6 /* SceneDelegate.swift */,
				B25242B32BD2614700B86E3F /* AppAppearance.swift */,
				B25242B52BD2616600B86E3F /* AppDependencies.swift */,
				B25242B72BD261CD00B86E3F /* AppCoordinator.swift */,
			);
			path = Application;
			sourceTree = "<group>";
		};
		B250079E2BD2456800464FA6 /* Resources */ = {
			isa = PBXGroup;
			children = (
				B250077B2BD23F6D00464FA6 /* Info.plist */,
				B25007762BD23F6D00464FA6 /* Assets.xcassets */,
				B25007782BD23F6D00464FA6 /* LaunchScreen.storyboard */,
			);
			path = Resources;
			sourceTree = "<group>";
		};
		B250079F2BD246B000464FA6 /* Scenes */ = {
			isa = PBXGroup;
			children = (
				B25007A22BD2471600464FA6 /* Home */,
			);
			path = Scenes;
			sourceTree = "<group>";
		};
		B25007A02BD246BA00464FA6 /* Domain */ = {
			isa = PBXGroup;
			children = (
				B25007A82BD2478E00464FA6 /* UseCases */,
				B25007AA2BD247A500464FA6 /* Repositories */,
				B25007A92BD2479800464FA6 /* Entities */,
			);
			path = Domain;
			sourceTree = "<group>";
		};
		B25007A12BD246C200464FA6 /* Data */ = {
			isa = PBXGroup;
			children = (
				B25007AB2BD247AF00464FA6 /* Repsitories */,
			);
			path = Data;
			sourceTree = "<group>";
		};
		B25007A22BD2471600464FA6 /* Home */ = {
			isa = PBXGroup;
			children = (
				B25007A72BD2476100464FA6 /* Coordinator */,
				B25007A42BD2473F00464FA6 /* ViewControllers */,
				B25007A32BD2472B00464FA6 /* Views */,
				B25007A62BD2475100464FA6 /* ViewModels */,
				B25007A52BD2474600464FA6 /* Models */,
			);
			path = Home;
			sourceTree = "<group>";
		};
		B25007A32BD2472B00464FA6 /* Views */ = {
			isa = PBXGroup;
			children = (
				B25242CC2BD2741A00B86E3F /* HomePageView.swift */,
				B25242D52BD27DC400B86E3F /* HomeBookItemView.swift */,
				B25242DB2BD3511600B86E3F /* AddBookPageView.swift */,
			);
			path = Views;
			sourceTree = "<group>";
		};
		B25007A42BD2473F00464FA6 /* ViewControllers */ = {
			isa = PBXGroup;
			children = (
				B25007712BD23F6B00464FA6 /* HomeViewController.swift */,
				B25242D92BD3510000B86E3F /* AddBookViewController.swift */,
			);
			path = ViewControllers;
			sourceTree = "<group>";
		};
		B25007A52BD2474600464FA6 /* Models */ = {
			isa = PBXGroup;
			children = (
				B25242C12BD265ED00B86E3F /* BookModel.swift */,
			);
			path = Models;
			sourceTree = "<group>";
		};
		B25007A62BD2475100464FA6 /* ViewModels */ = {
			isa = PBXGroup;
			children = (
				B25242BD2BD2656100B86E3F /* HomeViewModel.swift */,
				B25242DD2BD3533700B86E3F /* AddBookViewModel.swift */,
			);
			path = ViewModels;
			sourceTree = "<group>";
		};
		B25007A72BD2476100464FA6 /* Coordinator */ = {
			isa = PBXGroup;
			children = (
				B25242B92BD2620B00B86E3F /* HomeCoordinator.swift */,
				B25242BB2BD2622900B86E3F /* HomeNavigator.swift */,
			);
			path = Coordinator;
			sourceTree = "<group>";
		};
		B25007A82BD2478E00464FA6 /* UseCases */ = {
			isa = PBXGroup;
			children = (
				B25242C32BD2668900B86E3F /* HomeUseCase.swift */,
				B25242E12BD3543800B86E3F /* AddBookUseCase.swift */,
			);
			path = UseCases;
			sourceTree = "<group>";
		};
		B25007A92BD2479800464FA6 /* Entities */ = {
			isa = PBXGroup;
			children = (
				B25242BF2BD265A400B86E3F /* BookEntity.swift */,
			);
			path = Entities;
			sourceTree = "<group>";
		};
		B25007AA2BD247A500464FA6 /* Repositories */ = {
			isa = PBXGroup;
			children = (
				B25242C52BD266DD00B86E3F /* HomeRepository.swift */,
				B25242E32BD3553D00B86E3F /* AddBookRepository.swift */,
			);
			path = Repositories;
			sourceTree = "<group>";
		};
		B25007AB2BD247AF00464FA6 /* Repsitories */ = {
			isa = PBXGroup;
			children = (
				B25242C72BD268F800B86E3F /* StandardHomeRepository.swift */,
				B25242E52BD3559C00B86E3F /* StandardAddBookRepository.swift */,
			);
			path = Repsitories;
			sourceTree = "<group>";
		};
		B25242D02BD2784E00B86E3F /* Mock */ = {
			isa = PBXGroup;
			children = (
				B25242D12BD2785900B86E3F /* MockHomeUseCase.swift */,
				B25242D72BD34ED200B86E3F /* MockHomeNavigator.swift */,
				B25242E72BD35C8C00B86E3F /* MockAddBookUseCase.swift */,
			);
			path = Mock;
			sourceTree = "<group>";
		};
/* End PBXGroup section */

/* Begin PBXNativeTarget section */
		B25007692BD23F6B00464FA6 /* BookApp */ = {
			isa = PBXNativeTarget;
			buildConfigurationList = B25007942BD23F6D00464FA6 /* Build configuration list for PBXNativeTarget "BookApp" */;
			buildPhases = (
				B7DB47482C695C544FA8F99A /* [CP] Check Pods Manifest.lock */,
				B25007662BD23F6B00464FA6 /* Sources */,
				B25007672BD23F6B00464FA6 /* Frameworks */,
				B25007682BD23F6B00464FA6 /* Resources */,
				15638092E5E9DC324C6CD20D /* [CP] Copy Pods Resources */,
			);
			buildRules = (
			);
			dependencies = (
			);
			name = BookApp;
			productName = BookApp;
			productReference = B250076A2BD23F6B00464FA6 /* BookApp.app */;
			productType = "com.apple.product-type.application";
		};
		B250077F2BD23F6D00464FA6 /* BookAppTests */ = {
			isa = PBXNativeTarget;
			buildConfigurationList = B25007972BD23F6D00464FA6 /* Build configuration list for PBXNativeTarget "BookAppTests" */;
			buildPhases = (
				372C9681BED385240F7C2AD9 /* [CP] Check Pods Manifest.lock */,
				B250077C2BD23F6D00464FA6 /* Sources */,
				B250077D2BD23F6D00464FA6 /* Frameworks */,
				B250077E2BD23F6D00464FA6 /* Resources */,
			);
			buildRules = (
			);
			dependencies = (
				B25007822BD23F6D00464FA6 /* PBXTargetDependency */,
			);
			name = BookAppTests;
			productName = BookAppTests;
			productReference = B25007802BD23F6D00464FA6 /* BookAppTests.xctest */;
			productType = "com.apple.product-type.bundle.unit-test";
		};
		B25007892BD23F6D00464FA6 /* BookAppUITests */ = {
			isa = PBXNativeTarget;
			buildConfigurationList = B250079A2BD23F6D00464FA6 /* Build configuration list for PBXNativeTarget "BookAppUITests" */;
			buildPhases = (
				B77A412DFC4BDB310CB094C8 /* [CP] Check Pods Manifest.lock */,
				B25007862BD23F6D00464FA6 /* Sources */,
				B25007872BD23F6D00464FA6 /* Frameworks */,
				B25007882BD23F6D00464FA6 /* Resources */,
				56C1FBF58D526D0D6DC86036 /* [CP] Copy Pods Resources */,
			);
			buildRules = (
			);
			dependencies = (
				B250078C2BD23F6D00464FA6 /* PBXTargetDependency */,
			);
			name = BookAppUITests;
			productName = BookAppUITests;
			productReference = B250078A2BD23F6D00464FA6 /* BookAppUITests.xctest */;
			productType = "com.apple.product-type.bundle.ui-testing";
		};
/* End PBXNativeTarget section */

/* Begin PBXProject section */
		B25007622BD23F6B00464FA6 /* Project object */ = {
			isa = PBXProject;
			attributes = {
				BuildIndependentTargetsInParallel = 1;
				LastSwiftUpdateCheck = 1500;
				LastUpgradeCheck = 1500;
				TargetAttributes = {
					B25007692BD23F6B00464FA6 = {
						CreatedOnToolsVersion = 15.0;
					};
					B250077F2BD23F6D00464FA6 = {
						CreatedOnToolsVersion = 15.0;
						TestTargetID = B25007692BD23F6B00464FA6;
					};
					B25007892BD23F6D00464FA6 = {
						CreatedOnToolsVersion = 15.0;
						TestTargetID = B25007692BD23F6B00464FA6;
					};
				};
			};
			buildConfigurationList = B25007652BD23F6B00464FA6 /* Build configuration list for PBXProject "BookApp" */;
			compatibilityVersion = "Xcode 14.0";
			developmentRegion = en;
			hasScannedForEncodings = 0;
			knownRegions = (
				en,
				Base,
			);
			mainGroup = B25007612BD23F6B00464FA6;
			productRefGroup = B250076B2BD23F6B00464FA6 /* Products */;
			projectDirPath = "";
			projectRoot = "";
			targets = (
				B25007692BD23F6B00464FA6 /* BookApp */,
				B250077F2BD23F6D00464FA6 /* BookAppTests */,
				B25007892BD23F6D00464FA6 /* BookAppUITests */,
			);
		};
/* End PBXProject section */

/* Begin PBXResourcesBuildPhase section */
		B25007682BD23F6B00464FA6 /* Resources */ = {
			isa = PBXResourcesBuildPhase;
			buildActionMask = 2147483647;
			files = (
				B250077A2BD23F6D00464FA6 /* LaunchScreen.storyboard in Resources */,
				B25007772BD23F6D00464FA6 /* Assets.xcassets in Resources */,
			);
			runOnlyForDeploymentPostprocessing = 0;
		};
		B250077E2BD23F6D00464FA6 /* Resources */ = {
			isa = PBXResourcesBuildPhase;
			buildActionMask = 2147483647;
			files = (
			);
			runOnlyForDeploymentPostprocessing = 0;
		};
		B25007882BD23F6D00464FA6 /* Resources */ = {
			isa = PBXResourcesBuildPhase;
			buildActionMask = 2147483647;
			files = (
			);
			runOnlyForDeploymentPostprocessing = 0;
		};
/* End PBXResourcesBuildPhase section */

/* Begin PBXShellScriptBuildPhase section */
		15638092E5E9DC324C6CD20D /* [CP] Copy Pods Resources */ = {
			isa = PBXShellScriptBuildPhase;
			buildActionMask = 2147483647;
			files = (
			);
			inputFileListPaths = (
				"${PODS_ROOT}/Target Support Files/Pods-BookApp/Pods-BookApp-resources-${CONFIGURATION}-input-files.xcfilelist",
			);
			name = "[CP] Copy Pods Resources";
			outputFileListPaths = (
				"${PODS_ROOT}/Target Support Files/Pods-BookApp/Pods-BookApp-resources-${CONFIGURATION}-output-files.xcfilelist",
			);
			runOnlyForDeploymentPostprocessing = 0;
			shellPath = /bin/sh;
			shellScript = "\"${PODS_ROOT}/Target Support Files/Pods-BookApp/Pods-BookApp-resources.sh\"\n";
			showEnvVarsInLog = 0;
		};
		372C9681BED385240F7C2AD9 /* [CP] Check Pods Manifest.lock */ = {
			isa = PBXShellScriptBuildPhase;
			buildActionMask = 2147483647;
			files = (
			);
			inputFileListPaths = (
			);
			inputPaths = (
				"${PODS_PODFILE_DIR_PATH}/Podfile.lock",
				"${PODS_ROOT}/Manifest.lock",
			);
			name = "[CP] Check Pods Manifest.lock";
			outputFileListPaths = (
			);
			outputPaths = (
				"$(DERIVED_FILE_DIR)/Pods-BookAppTests-checkManifestLockResult.txt",
			);
			runOnlyForDeploymentPostprocessing = 0;
			shellPath = /bin/sh;
			shellScript = "diff \"${PODS_PODFILE_DIR_PATH}/Podfile.lock\" \"${PODS_ROOT}/Manifest.lock\" > /dev/null\nif [ $? != 0 ] ; then\n    # print error to STDERR\n    echo \"error: The sandbox is not in sync with the Podfile.lock. Run 'pod install' or update your CocoaPods installation.\" >&2\n    exit 1\nfi\n# This output is used by Xcode 'outputs' to avoid re-running this script phase.\necho \"SUCCESS\" > \"${SCRIPT_OUTPUT_FILE_0}\"\n";
			showEnvVarsInLog = 0;
		};
		56C1FBF58D526D0D6DC86036 /* [CP] Copy Pods Resources */ = {
			isa = PBXShellScriptBuildPhase;
			buildActionMask = 2147483647;
			files = (
			);
			inputFileListPaths = (
				"${PODS_ROOT}/Target Support Files/Pods-BookApp-BookAppUITests/Pods-BookApp-BookAppUITests-resources-${CONFIGURATION}-input-files.xcfilelist",
			);
			name = "[CP] Copy Pods Resources";
			outputFileListPaths = (
				"${PODS_ROOT}/Target Support Files/Pods-BookApp-BookAppUITests/Pods-BookApp-BookAppUITests-resources-${CONFIGURATION}-output-files.xcfilelist",
			);
			runOnlyForDeploymentPostprocessing = 0;
			shellPath = /bin/sh;
			shellScript = "\"${PODS_ROOT}/Target Support Files/Pods-BookApp-BookAppUITests/Pods-BookApp-BookAppUITests-resources.sh\"\n";
			showEnvVarsInLog = 0;
		};
		B77A412DFC4BDB310CB094C8 /* [CP] Check Pods Manifest.lock */ = {
			isa = PBXShellScriptBuildPhase;
			buildActionMask = 2147483647;
			files = (
			);
			inputFileListPaths = (
			);
			inputPaths = (
				"${PODS_PODFILE_DIR_PATH}/Podfile.lock",
				"${PODS_ROOT}/Manifest.lock",
			);
			name = "[CP] Check Pods Manifest.lock";
			outputFileListPaths = (
			);
			outputPaths = (
				"$(DERIVED_FILE_DIR)/Pods-BookApp-BookAppUITests-checkManifestLockResult.txt",
			);
			runOnlyForDeploymentPostprocessing = 0;
			shellPath = /bin/sh;
			shellScript = "diff \"${PODS_PODFILE_DIR_PATH}/Podfile.lock\" \"${PODS_ROOT}/Manifest.lock\" > /dev/null\nif [ $? != 0 ] ; then\n    # print error to STDERR\n    echo \"error: The sandbox is not in sync with the Podfile.lock. Run 'pod install' or update your CocoaPods installation.\" >&2\n    exit 1\nfi\n# This output is used by Xcode 'outputs' to avoid re-running this script phase.\necho \"SUCCESS\" > \"${SCRIPT_OUTPUT_FILE_0}\"\n";
			showEnvVarsInLog = 0;
		};
		B7DB47482C695C544FA8F99A /* [CP] Check Pods Manifest.lock */ = {
			isa = PBXShellScriptBuildPhase;
			buildActionMask = 2147483647;
			files = (
			);
			inputFileListPaths = (
			);
			inputPaths = (
				"${PODS_PODFILE_DIR_PATH}/Podfile.lock",
				"${PODS_ROOT}/Manifest.lock",
			);
			name = "[CP] Check Pods Manifest.lock";
			outputFileListPaths = (
			);
			outputPaths = (
				"$(DERIVED_FILE_DIR)/Pods-BookApp-checkManifestLockResult.txt",
			);
			runOnlyForDeploymentPostprocessing = 0;
			shellPath = /bin/sh;
			shellScript = "diff \"${PODS_PODFILE_DIR_PATH}/Podfile.lock\" \"${PODS_ROOT}/Manifest.lock\" > /dev/null\nif [ $? != 0 ] ; then\n    # print error to STDERR\n    echo \"error: The sandbox is not in sync with the Podfile.lock. Run 'pod install' or update your CocoaPods installation.\" >&2\n    exit 1\nfi\n# This output is used by Xcode 'outputs' to avoid re-running this script phase.\necho \"SUCCESS\" > \"${SCRIPT_OUTPUT_FILE_0}\"\n";
			showEnvVarsInLog = 0;
		};
/* End PBXShellScriptBuildPhase section */

/* Begin PBXSourcesBuildPhase section */
		B25007662BD23F6B00464FA6 /* Sources */ = {
			isa = PBXSourcesBuildPhase;
			buildActionMask = 2147483647;
			files = (
				B25242E22BD3543800B86E3F /* AddBookUseCase.swift in Sources */,
				B25242E62BD3559C00B86E3F /* StandardAddBookRepository.swift in Sources */,
				B25242B82BD261CD00B86E3F /* AppCoordinator.swift in Sources */,
				B25242C82BD268F800B86E3F /* StandardHomeRepository.swift in Sources */,
				B25242DC2BD3511600B86E3F /* AddBookPageView.swift in Sources */,
				B25242C62BD266DD00B86E3F /* HomeRepository.swift in Sources */,
				B25242BE2BD2656100B86E3F /* HomeViewModel.swift in Sources */,
				B25242CD2BD2741A00B86E3F /* HomePageView.swift in Sources */,
				B25007722BD23F6B00464FA6 /* HomeViewController.swift in Sources */,
				B25242C02BD265A400B86E3F /* BookEntity.swift in Sources */,
				B25242DE2BD3533700B86E3F /* AddBookViewModel.swift in Sources */,
				B25242E42BD3553D00B86E3F /* AddBookRepository.swift in Sources */,
				B25242C22BD265ED00B86E3F /* BookModel.swift in Sources */,
				B25242BC2BD2622900B86E3F /* HomeNavigator.swift in Sources */,
				B25242C42BD2668900B86E3F /* HomeUseCase.swift in Sources */,
				B250076E2BD23F6B00464FA6 /* AppDelegate.swift in Sources */,
				B25007702BD23F6B00464FA6 /* SceneDelegate.swift in Sources */,
				B25242DA2BD3510000B86E3F /* AddBookViewController.swift in Sources */,
				B25242B62BD2616600B86E3F /* AppDependencies.swift in Sources */,
				B25242BA2BD2620B00B86E3F /* HomeCoordinator.swift in Sources */,
				B25242B42BD2614700B86E3F /* AppAppearance.swift in Sources */,
				B25242D62BD27DC400B86E3F /* HomeBookItemView.swift in Sources */,
			);
			runOnlyForDeploymentPostprocessing = 0;
		};
		B250077C2BD23F6D00464FA6 /* Sources */ = {
			isa = PBXSourcesBuildPhase;
			buildActionMask = 2147483647;
			files = (
				B25242D22BD2785900B86E3F /* MockHomeUseCase.swift in Sources */,
				B25242E82BD35C8C00B86E3F /* MockAddBookUseCase.swift in Sources */,
				B25242E02BD3535700B86E3F /* AddBookViewModelTests.swift in Sources */,
				B25242D82BD34ED200B86E3F /* MockHomeNavigator.swift in Sources */,
				B25007852BD23F6D00464FA6 /* HomeViewModelTests.swift in Sources */,
			);
			runOnlyForDeploymentPostprocessing = 0;
		};
		B25007862BD23F6D00464FA6 /* Sources */ = {
			isa = PBXSourcesBuildPhase;
			buildActionMask = 2147483647;
			files = (
				B250078F2BD23F6D00464FA6 /* BookAppUITests.swift in Sources */,
				B25007912BD23F6D00464FA6 /* BookAppUITestsLaunchTests.swift in Sources */,
			);
			runOnlyForDeploymentPostprocessing = 0;
		};
/* End PBXSourcesBuildPhase section */

/* Begin PBXTargetDependency section */
		B25007822BD23F6D00464FA6 /* PBXTargetDependency */ = {
			isa = PBXTargetDependency;
			target = B25007692BD23F6B00464FA6 /* BookApp */;
			targetProxy = B25007812BD23F6D00464FA6 /* PBXContainerItemProxy */;
		};
		B250078C2BD23F6D00464FA6 /* PBXTargetDependency */ = {
			isa = PBXTargetDependency;
			target = B25007692BD23F6B00464FA6 /* BookApp */;
			targetProxy = B250078B2BD23F6D00464FA6 /* PBXContainerItemProxy */;
		};
/* End PBXTargetDependency section */

/* Begin PBXVariantGroup section */
		B25007782BD23F6D00464FA6 /* LaunchScreen.storyboard */ = {
			isa = PBXVariantGroup;
			children = (
				B25007792BD23F6D00464FA6 /* Base */,
			);
			name = LaunchScreen.storyboard;
			sourceTree = "<group>";
		};
/* End PBXVariantGroup section */

/* Begin XCBuildConfiguration section */
		B25007922BD23F6D00464FA6 /* Debug */ = {
			isa = XCBuildConfiguration;
			buildSettings = {
				ALWAYS_SEARCH_USER_PATHS = NO;
				ASSETCATALOG_COMPILER_GENERATE_SWIFT_ASSET_SYMBOL_EXTENSIONS = YES;
				CLANG_ANALYZER_NONNULL = YES;
				CLANG_ANALYZER_NUMBER_OBJECT_CONVERSION = YES_AGGRESSIVE;
				CLANG_CXX_LANGUAGE_STANDARD = "gnu++20";
				CLANG_ENABLE_MODULES = YES;
				CLANG_ENABLE_OBJC_ARC = YES;
				CLANG_ENABLE_OBJC_WEAK = YES;
				CLANG_WARN_BLOCK_CAPTURE_AUTORELEASING = YES;
				CLANG_WARN_BOOL_CONVERSION = YES;
				CLANG_WARN_COMMA = YES;
				CLANG_WARN_CONSTANT_CONVERSION = YES;
				CLANG_WARN_DEPRECATED_OBJC_IMPLEMENTATIONS = YES;
				CLANG_WARN_DIRECT_OBJC_ISA_USAGE = YES_ERROR;
				CLANG_WARN_DOCUMENTATION_COMMENTS = YES;
				CLANG_WARN_EMPTY_BODY = YES;
				CLANG_WARN_ENUM_CONVERSION = YES;
				CLANG_WARN_INFINITE_RECURSION = YES;
				CLANG_WARN_INT_CONVERSION = YES;
				CLANG_WARN_NON_LITERAL_NULL_CONVERSION = YES;
				CLANG_WARN_OBJC_IMPLICIT_RETAIN_SELF = YES;
				CLANG_WARN_OBJC_LITERAL_CONVERSION = YES;
				CLANG_WARN_OBJC_ROOT_CLASS = YES_ERROR;
				CLANG_WARN_QUOTED_INCLUDE_IN_FRAMEWORK_HEADER = YES;
				CLANG_WARN_RANGE_LOOP_ANALYSIS = YES;
				CLANG_WARN_STRICT_PROTOTYPES = YES;
				CLANG_WARN_SUSPICIOUS_MOVE = YES;
				CLANG_WARN_UNGUARDED_AVAILABILITY = YES_AGGRESSIVE;
				CLANG_WARN_UNREACHABLE_CODE = YES;
				CLANG_WARN__DUPLICATE_METHOD_MATCH = YES;
				COPY_PHASE_STRIP = NO;
				DEBUG_INFORMATION_FORMAT = dwarf;
				ENABLE_STRICT_OBJC_MSGSEND = YES;
				ENABLE_TESTABILITY = YES;
				ENABLE_USER_SCRIPT_SANDBOXING = YES;
				GCC_C_LANGUAGE_STANDARD = gnu17;
				GCC_DYNAMIC_NO_PIC = NO;
				GCC_NO_COMMON_BLOCKS = YES;
				GCC_OPTIMIZATION_LEVEL = 0;
				GCC_PREPROCESSOR_DEFINITIONS = (
					"DEBUG=1",
					"$(inherited)",
				);
				GCC_WARN_64_TO_32_BIT_CONVERSION = YES;
				GCC_WARN_ABOUT_RETURN_TYPE = YES_ERROR;
				GCC_WARN_UNDECLARED_SELECTOR = YES;
				GCC_WARN_UNINITIALIZED_AUTOS = YES_AGGRESSIVE;
				GCC_WARN_UNUSED_FUNCTION = YES;
				GCC_WARN_UNUSED_VARIABLE = YES;
				IPHONEOS_DEPLOYMENT_TARGET = 14.0;
				LOCALIZATION_PREFERS_STRING_CATALOGS = YES;
				MTL_ENABLE_DEBUG_INFO = INCLUDE_SOURCE;
				MTL_FAST_MATH = YES;
				ONLY_ACTIVE_ARCH = YES;
				SDKROOT = iphoneos;
				SWIFT_ACTIVE_COMPILATION_CONDITIONS = "DEBUG $(inherited)";
				SWIFT_OPTIMIZATION_LEVEL = "-Onone";
			};
			name = Debug;
		};
		B25007932BD23F6D00464FA6 /* Release */ = {
			isa = XCBuildConfiguration;
			buildSettings = {
				ALWAYS_SEARCH_USER_PATHS = NO;
				ASSETCATALOG_COMPILER_GENERATE_SWIFT_ASSET_SYMBOL_EXTENSIONS = YES;
				CLANG_ANALYZER_NONNULL = YES;
				CLANG_ANALYZER_NUMBER_OBJECT_CONVERSION = YES_AGGRESSIVE;
				CLANG_CXX_LANGUAGE_STANDARD = "gnu++20";
				CLANG_ENABLE_MODULES = YES;
				CLANG_ENABLE_OBJC_ARC = YES;
				CLANG_ENABLE_OBJC_WEAK = YES;
				CLANG_WARN_BLOCK_CAPTURE_AUTORELEASING = YES;
				CLANG_WARN_BOOL_CONVERSION = YES;
				CLANG_WARN_COMMA = YES;
				CLANG_WARN_CONSTANT_CONVERSION = YES;
				CLANG_WARN_DEPRECATED_OBJC_IMPLEMENTATIONS = YES;
				CLANG_WARN_DIRECT_OBJC_ISA_USAGE = YES_ERROR;
				CLANG_WARN_DOCUMENTATION_COMMENTS = YES;
				CLANG_WARN_EMPTY_BODY = YES;
				CLANG_WARN_ENUM_CONVERSION = YES;
				CLANG_WARN_INFINITE_RECURSION = YES;
				CLANG_WARN_INT_CONVERSION = YES;
				CLANG_WARN_NON_LITERAL_NULL_CONVERSION = YES;
				CLANG_WARN_OBJC_IMPLICIT_RETAIN_SELF = YES;
				CLANG_WARN_OBJC_LITERAL_CONVERSION = YES;
				CLANG_WARN_OBJC_ROOT_CLASS = YES_ERROR;
				CLANG_WARN_QUOTED_INCLUDE_IN_FRAMEWORK_HEADER = YES;
				CLANG_WARN_RANGE_LOOP_ANALYSIS = YES;
				CLANG_WARN_STRICT_PROTOTYPES = YES;
				CLANG_WARN_SUSPICIOUS_MOVE = YES;
				CLANG_WARN_UNGUARDED_AVAILABILITY = YES_AGGRESSIVE;
				CLANG_WARN_UNREACHABLE_CODE = YES;
				CLANG_WARN__DUPLICATE_METHOD_MATCH = YES;
				COPY_PHASE_STRIP = NO;
				DEBUG_INFORMATION_FORMAT = "dwarf-with-dsym";
				ENABLE_NS_ASSERTIONS = NO;
				ENABLE_STRICT_OBJC_MSGSEND = YES;
				ENABLE_USER_SCRIPT_SANDBOXING = YES;
				GCC_C_LANGUAGE_STANDARD = gnu17;
				GCC_NO_COMMON_BLOCKS = YES;
				GCC_WARN_64_TO_32_BIT_CONVERSION = YES;
				GCC_WARN_ABOUT_RETURN_TYPE = YES_ERROR;
				GCC_WARN_UNDECLARED_SELECTOR = YES;
				GCC_WARN_UNINITIALIZED_AUTOS = YES_AGGRESSIVE;
				GCC_WARN_UNUSED_FUNCTION = YES;
				GCC_WARN_UNUSED_VARIABLE = YES;
				IPHONEOS_DEPLOYMENT_TARGET = 14.0;
				LOCALIZATION_PREFERS_STRING_CATALOGS = YES;
				MTL_ENABLE_DEBUG_INFO = NO;
				MTL_FAST_MATH = YES;
				SDKROOT = iphoneos;
				SWIFT_COMPILATION_MODE = wholemodule;
				VALIDATE_PRODUCT = YES;
			};
			name = Release;
		};
		B25007952BD23F6D00464FA6 /* Debug */ = {
			isa = XCBuildConfiguration;
			baseConfigurationReference = 8842DCD53B3409BC2AD2D05F /* Pods-BookApp.debug.xcconfig */;
			buildSettings = {
				ASSETCATALOG_COMPILER_APPICON_NAME = AppIcon;
				ASSETCATALOG_COMPILER_GLOBAL_ACCENT_COLOR_NAME = AccentColor;
				CODE_SIGN_STYLE = Automatic;
				CURRENT_PROJECT_VERSION = 1;
				ENABLE_USER_SCRIPT_SANDBOXING = NO;
				GENERATE_INFOPLIST_FILE = YES;
				INFOPLIST_FILE = BookApp/Resources/Info.plist;
				INFOPLIST_KEY_UIApplicationSupportsIndirectInputEvents = YES;
				INFOPLIST_KEY_UILaunchStoryboardName = LaunchScreen;
				INFOPLIST_KEY_UISupportedInterfaceOrientations_iPad = "UIInterfaceOrientationPortrait UIInterfaceOrientationPortraitUpsideDown UIInterfaceOrientationLandscapeLeft UIInterfaceOrientationLandscapeRight";
				INFOPLIST_KEY_UISupportedInterfaceOrientations_iPhone = "UIInterfaceOrientationPortrait UIInterfaceOrientationLandscapeLeft UIInterfaceOrientationLandscapeRight";
				IPHONEOS_DEPLOYMENT_TARGET = 14.0;
				LD_RUNPATH_SEARCH_PATHS = (
					"$(inherited)",
					"@executable_path/Frameworks",
				);
				MARKETING_VERSION = 1.0;
				PRODUCT_BUNDLE_IDENTIFIER = com.Jason.BookApp;
				PRODUCT_NAME = "$(TARGET_NAME)";
				SWIFT_EMIT_LOC_STRINGS = YES;
				SWIFT_VERSION = 5.0;
				TARGETED_DEVICE_FAMILY = "1,2";
			};
			name = Debug;
		};
		B25007962BD23F6D00464FA6 /* Release */ = {
			isa = XCBuildConfiguration;
			baseConfigurationReference = B93EA9A9FE10E3CA0327D60E /* Pods-BookApp.release.xcconfig */;
			buildSettings = {
				ASSETCATALOG_COMPILER_APPICON_NAME = AppIcon;
				ASSETCATALOG_COMPILER_GLOBAL_ACCENT_COLOR_NAME = AccentColor;
				CODE_SIGN_STYLE = Automatic;
				CURRENT_PROJECT_VERSION = 1;
				ENABLE_USER_SCRIPT_SANDBOXING = NO;
				GENERATE_INFOPLIST_FILE = YES;
				INFOPLIST_FILE = BookApp/Resources/Info.plist;
				INFOPLIST_KEY_UIApplicationSupportsIndirectInputEvents = YES;
				INFOPLIST_KEY_UILaunchStoryboardName = LaunchScreen;
				INFOPLIST_KEY_UISupportedInterfaceOrientations_iPad = "UIInterfaceOrientationPortrait UIInterfaceOrientationPortraitUpsideDown UIInterfaceOrientationLandscapeLeft UIInterfaceOrientationLandscapeRight";
				INFOPLIST_KEY_UISupportedInterfaceOrientations_iPhone = "UIInterfaceOrientationPortrait UIInterfaceOrientationLandscapeLeft UIInterfaceOrientationLandscapeRight";
				IPHONEOS_DEPLOYMENT_TARGET = 14.0;
				LD_RUNPATH_SEARCH_PATHS = (
					"$(inherited)",
					"@executable_path/Frameworks",
				);
				MARKETING_VERSION = 1.0;
				PRODUCT_BUNDLE_IDENTIFIER = com.Jason.BookApp;
				PRODUCT_NAME = "$(TARGET_NAME)";
				SWIFT_EMIT_LOC_STRINGS = YES;
				SWIFT_VERSION = 5.0;
				TARGETED_DEVICE_FAMILY = "1,2";
			};
			name = Release;
		};
		B25007982BD23F6D00464FA6 /* Debug */ = {
			isa = XCBuildConfiguration;
			baseConfigurationReference = 5C9E0C8F0C17FF5BC8E22D3D /* Pods-BookAppTests.debug.xcconfig */;
			buildSettings = {
				ALWAYS_EMBED_SWIFT_STANDARD_LIBRARIES = YES;
				BUNDLE_LOADER = "$(TEST_HOST)";
				CODE_SIGN_STYLE = Automatic;
				CURRENT_PROJECT_VERSION = 1;
				ENABLE_USER_SCRIPT_SANDBOXING = NO;
				GENERATE_INFOPLIST_FILE = YES;
				IPHONEOS_DEPLOYMENT_TARGET = 14.0;
				MARKETING_VERSION = 1.0;
				PRODUCT_BUNDLE_IDENTIFIER = com.Jason.BookAppTests;
				PRODUCT_NAME = "$(TARGET_NAME)";
				SWIFT_EMIT_LOC_STRINGS = NO;
				SWIFT_VERSION = 5.0;
				TARGETED_DEVICE_FAMILY = "1,2";
				TEST_HOST = "$(BUILT_PRODUCTS_DIR)/BookApp.app/$(BUNDLE_EXECUTABLE_FOLDER_PATH)/BookApp";
			};
			name = Debug;
		};
		B25007992BD23F6D00464FA6 /* Release */ = {
			isa = XCBuildConfiguration;
			baseConfigurationReference = DF2828D9B3BA47D0252E78EB /* Pods-BookAppTests.release.xcconfig */;
			buildSettings = {
				ALWAYS_EMBED_SWIFT_STANDARD_LIBRARIES = YES;
				BUNDLE_LOADER = "$(TEST_HOST)";
				CODE_SIGN_STYLE = Automatic;
				CURRENT_PROJECT_VERSION = 1;
				ENABLE_USER_SCRIPT_SANDBOXING = NO;
				GENERATE_INFOPLIST_FILE = YES;
				IPHONEOS_DEPLOYMENT_TARGET = 14.0;
				MARKETING_VERSION = 1.0;
				PRODUCT_BUNDLE_IDENTIFIER = com.Jason.BookAppTests;
				PRODUCT_NAME = "$(TARGET_NAME)";
				SWIFT_EMIT_LOC_STRINGS = NO;
				SWIFT_VERSION = 5.0;
				TARGETED_DEVICE_FAMILY = "1,2";
				TEST_HOST = "$(BUILT_PRODUCTS_DIR)/BookApp.app/$(BUNDLE_EXECUTABLE_FOLDER_PATH)/BookApp";
			};
			name = Release;
		};
		B250079B2BD23F6D00464FA6 /* Debug */ = {
			isa = XCBuildConfiguration;
			baseConfigurationReference = 92F4AD705FB0CEEE3C9AE9B5 /* Pods-BookApp-BookAppUITests.debug.xcconfig */;
			buildSettings = {
				ALWAYS_EMBED_SWIFT_STANDARD_LIBRARIES = YES;
				CODE_SIGN_STYLE = Automatic;
				CURRENT_PROJECT_VERSION = 1;
				ENABLE_USER_SCRIPT_SANDBOXING = NO;
				GENERATE_INFOPLIST_FILE = YES;
				IPHONEOS_DEPLOYMENT_TARGET = 14.0;
				MARKETING_VERSION = 1.0;
				PRODUCT_BUNDLE_IDENTIFIER = com.Jason.BookAppUITests;
				PRODUCT_NAME = "$(TARGET_NAME)";
				SWIFT_EMIT_LOC_STRINGS = NO;
				SWIFT_VERSION = 5.0;
				TARGETED_DEVICE_FAMILY = "1,2";
				TEST_TARGET_NAME = BookApp;
			};
			name = Debug;
		};
		B250079C2BD23F6D00464FA6 /* Release */ = {
			isa = XCBuildConfiguration;
			baseConfigurationReference = C1D41A021A4893F986E1298E /* Pods-BookApp-BookAppUITests.release.xcconfig */;
			buildSettings = {
				ALWAYS_EMBED_SWIFT_STANDARD_LIBRARIES = YES;
				CODE_SIGN_STYLE = Automatic;
				CURRENT_PROJECT_VERSION = 1;
				ENABLE_USER_SCRIPT_SANDBOXING = NO;
				GENERATE_INFOPLIST_FILE = YES;
				IPHONEOS_DEPLOYMENT_TARGET = 14.0;
				MARKETING_VERSION = 1.0;
				PRODUCT_BUNDLE_IDENTIFIER = com.Jason.BookAppUITests;
				PRODUCT_NAME = "$(TARGET_NAME)";
				SWIFT_EMIT_LOC_STRINGS = NO;
				SWIFT_VERSION = 5.0;
				TARGETED_DEVICE_FAMILY = "1,2";
				TEST_TARGET_NAME = BookApp;
			};
			name = Release;
		};
/* End XCBuildConfiguration section */

/* Begin XCConfigurationList section */
		B25007652BD23F6B00464FA6 /* Build configuration list for PBXProject "BookApp" */ = {
			isa = XCConfigurationList;
			buildConfigurations = (
				B25007922BD23F6D00464FA6 /* Debug */,
				B25007932BD23F6D00464FA6 /* Release */,
			);
			defaultConfigurationIsVisible = 0;
			defaultConfigurationName = Release;
		};
		B25007942BD23F6D00464FA6 /* Build configuration list for PBXNativeTarget "BookApp" */ = {
			isa = XCConfigurationList;
			buildConfigurations = (
				B25007952BD23F6D00464FA6 /* Debug */,
				B25007962BD23F6D00464FA6 /* Release */,
			);
			defaultConfigurationIsVisible = 0;
			defaultConfigurationName = Release;
		};
		B25007972BD23F6D00464FA6 /* Build configuration list for PBXNativeTarget "BookAppTests" */ = {
			isa = XCConfigurationList;
			buildConfigurations = (
				B25007982BD23F6D00464FA6 /* Debug */,
				B25007992BD23F6D00464FA6 /* Release */,
			);
			defaultConfigurationIsVisible = 0;
			defaultConfigurationName = Release;
		};
		B250079A2BD23F6D00464FA6 /* Build configuration list for PBXNativeTarget "BookAppUITests" */ = {
			isa = XCConfigurationList;
			buildConfigurations = (
				B250079B2BD23F6D00464FA6 /* Debug */,
				B250079C2BD23F6D00464FA6 /* Release */,
			);
			defaultConfigurationIsVisible = 0;
			defaultConfigurationName = Release;
		};
/* End XCConfigurationList section */
	};
	rootObject = B25007622BD23F6B00464FA6 /* Project object */;
}
